
Microsoft Visual Studio Solution File, Format Version 12.00
# Visual Studio Version 16
VisualStudioVersion = 16.0.30907.101
MinimumVisualStudioVersion = 10.0.40219.1
Project("{FAE04EC0-301F-11D3-BF4B-00C04F79EFBC}") = "Blog", "Blog.csproj", "{722993FA-9640-48DB-A01F-F0FDFC3694F2}"
EndProject
Global
	GlobalSection(SolutionConfigurationPlatforms) = preSolution
		Debug|Any CPU = Debug|Any CPU
		Release|Any CPU = Release|Any CPU
	EndGlobalSection
	GlobalSection(ProjectConfigurationPlatforms) = postSolution
		{722993FA-9640-48DB-A01F-F0FDFC3694F2}.Debug|Any CPU.ActiveCfg = Debug|Any CPU
		{722993FA-9640-48DB-A01F-F0FDFC3694F2}.Debug|Any CPU.Build.0 = Debug|Any CPU
		{722993FA-9640-48DB-A01F-F0FDFC3694F2}.Release|Any CPU.ActiveCfg = Release|Any CPU
		{722993FA-9640-48DB-A01F-F0FDFC3694F2}.Release|Any CPU.Build.0 = Release|Any CPU
	EndGlobalSection
	GlobalSection(SolutionProperties) = preSolution
		HideSolutionNode = FALSE
	EndGlobalSection
	GlobalSection(ExtensibilityGlobals) = postSolution
		SolutionGuid = {45A809D7-46FF-4A07-A772-4FFE12CC73FC}
	EndGlobalSection
EndGlobal
